
Microsoft Visual Studio Solution File, Format Version 12.00
# Visual Studio 14
VisualStudioVersion = 14.0.25123.0
MinimumVisualStudioVersion = 10.0.40219.1
Project("{FAE04EC0-301F-11D3-BF4B-00C04F79EFBC}") = "QLLLL", "QLLLL\QLLLL.csproj", "{F150BA5F-DE94-46E5-9985-95D3D9B24586}"
EndProject
Global
	GlobalSection(SolutionConfigurationPlatforms) = preSolution
		Debug|Any CPU = Debug|Any CPU
		Release|Any CPU = Release|Any CPU
	EndGlobalSection
	GlobalSection(ProjectConfigurationPlatforms) = postSolution
		{F150BA5F-DE94-46E5-9985-95D3D9B24586}.Debug|Any CPU.ActiveCfg = Debug|Any CPU
		{F150BA5F-DE94-46E5-9985-95D3D9B24586}.Debug|Any CPU.Build.0 = Debug|Any CPU
		{F150BA5F-DE94-46E5-9985-95D3D9B24586}.Release|Any CPU.ActiveCfg = Release|Any CPU
		{F150BA5F-DE94-46E5-9985-95D3D9B24586}.Release|Any CPU.Build.0 = Release|Any CPU
	EndGlobalSection
	GlobalSection(SolutionProperties) = preSolution
		HideSolutionNode = FALSE
	EndGlobalSection
EndGlobal
